
Microsoft Visual Studio Solution File, Format Version 12.00
# Visual Studio 15
VisualStudioVersion = 15.0.28028.3101
MinimumVisualStudioVersion = 10.0.40219.1
Project("{9A19103F-16F7-4668-BE54-9A1E7A4F7556}") = "ALCPrototype", "ALCPrototype\ALCPrototype.csproj", "{CBDEAED0-FF21-43C7-9847-B8A90E3CB060}"
EndProject
Project("{FAE04EC0-301F-11D3-BF4B-00C04F79EFBC}") = "PluginOne", "PluginOne\PluginOne.csproj", "{C9EB7DBD-F18E-477A-8510-ED6B4FD1430A}"
EndProject
Project("{FAE04EC0-301F-11D3-BF4B-00C04F79EFBC}") = "PluginFramework", "PluginFramework\PluginFramework.csproj", "{7AF3C3AD-648B-41B7-AC30-83174BFFA52D}"
EndProject
Global
	GlobalSection(SolutionConfigurationPlatforms) = preSolution
		Debug|Any CPU = Debug|Any CPU
		Release|Any CPU = Release|Any CPU
	EndGlobalSection
	GlobalSection(ProjectConfigurationPlatforms) = postSolution
		{CBDEAED0-FF21-43C7-9847-B8A90E3CB060}.Debug|Any CPU.ActiveCfg = Debug|Any CPU
		{CBDEAED0-FF21-43C7-9847-B8A90E3CB060}.Debug|Any CPU.Build.0 = Debug|Any CPU
		{CBDEAED0-FF21-43C7-9847-B8A90E3CB060}.Release|Any CPU.ActiveCfg = Release|Any CPU
		{CBDEAED0-FF21-43C7-9847-B8A90E3CB060}.Release|Any CPU.Build.0 = Release|Any CPU
		{C9EB7DBD-F18E-477A-8510-ED6B4FD1430A}.Debug|Any CPU.ActiveCfg = Debug|Any CPU
		{C9EB7DBD-F18E-477A-8510-ED6B4FD1430A}.Debug|Any CPU.Build.0 = Debug|Any CPU
		{C9EB7DBD-F18E-477A-8510-ED6B4FD1430A}.Release|Any CPU.ActiveCfg = Release|Any CPU
		{C9EB7DBD-F18E-477A-8510-ED6B4FD1430A}.Release|Any CPU.Build.0 = Release|Any CPU
		{7AF3C3AD-648B-41B7-AC30-83174BFFA52D}.Debug|Any CPU.ActiveCfg = Debug|Any CPU
		{7AF3C3AD-648B-41B7-AC30-83174BFFA52D}.Debug|Any CPU.Build.0 = Debug|Any CPU
		{7AF3C3AD-648B-41B7-AC30-83174BFFA52D}.Release|Any CPU.ActiveCfg = Release|Any CPU
		{7AF3C3AD-648B-41B7-AC30-83174BFFA52D}.Release|Any CPU.Build.0 = Release|Any CPU
	EndGlobalSection
	GlobalSection(SolutionProperties) = preSolution
		HideSolutionNode = FALSE
	EndGlobalSection
	GlobalSection(ExtensibilityGlobals) = postSolution
		SolutionGuid = {EBC67AB0-7EF9-4815-B1E0-BA75CA3821CF}
	EndGlobalSection
EndGlobal
